
Microsoft Visual Studio Solution File, Format Version 12.00
Project("{FAE04EC0-301F-11D3-BF4B-00C04F79EFBC}") = "AddTwoNumbers_2", "AddTwoNumbers_2\AddTwoNumbers_2.csproj", "{C477EDFA-1B31-4407-BA9C-F5ED5B2B4FFD}"
EndProject
Project("{FAE04EC0-301F-11D3-BF4B-00C04F79EFBC}") = "LetterCombination_17", "LetterCombination_17\LetterCombination_17.csproj", "{9A3CEF4E-71DE-45AC-8A60-88CAD50BF905}"
EndProject
Project("{2150E333-8FDC-42A3-9474-1A3956D46DE8}") = "Easy", "Easy", "{62B8460F-E0A4-489C-AD9F-3ADCF0A1AB14}"
EndProject
Project("{FAE04EC0-301F-11D3-BF4B-00C04F79EFBC}") = "ContainsDuplicate_217", "Easy\ContainsDuplicate_217\ContainsDuplicate_217.csproj", "{910E16A2-E609-4228-B1A4-F33A6D2D44BC}"
EndProject
Project("{FAE04EC0-301F-11D3-BF4B-00C04F79EFBC}") = "ContainsNearbyDuplicate_219", "Easy\ContainsNearbyDuplicate_219\ContainsNearbyDuplicate_219.csproj", "{E9A949FC-3B36-45BE-A5E5-069823151481}"
EndProject
Project("{2150E333-8FDC-42A3-9474-1A3956D46DE8}") = "Medium", "Medium", "{4836D059-802E-415E-995A-2D7FE510501E}"
EndProject
Project("{FAE04EC0-301F-11D3-BF4B-00C04F79EFBC}") = "CountGoodStrings_2466", "Medium\CountGoodStrings_2466\CountGoodStrings_2466.csproj", "{6B81F2DD-5478-430A-957F-DCD084F0DC40}"
EndProject
Project("{FAE04EC0-301F-11D3-BF4B-00C04F79EFBC}") = "TwoSum_1", "Easy\TwoSum_1\TwoSum_1.csproj", "{63B1F2ED-C657-4FDB-9CCB-345909C19A5D}"
EndProject
Project("{FAE04EC0-301F-11D3-BF4B-00C04F79EFBC}") = "MissingNumber_268", "Easy\MissingNumber_268\MissingNumber_268.csproj", "{A3A15C9C-9F29-4452-8585-41811762E353}"
EndProject
Project("{FAE04EC0-301F-11D3-BF4B-00C04F79EFBC}") = "FindDuplicates_442", "Medium\FindDuplicates_442\FindDuplicates_442.csproj", "{FB928B16-2966-417C-A39D-E09196383A45}"
EndProject
Project("{FAE04EC0-301F-11D3-BF4B-00C04F79EFBC}") = "FindDisappearedNumbers_448", "Easy\FindDisappearedNumbers_448\FindDisappearedNumbers_448.csproj", "{985D66D3-949B-4C6E-8EA2-F4240BCD2AE0}"
EndProject
Project("{FAE04EC0-301F-11D3-BF4B-00C04F79EFBC}") = "ReverseInteger_7", "Medium\ReverseInteger_7\ReverseInteger_7.csproj", "{77F7A6E3-A1BA-4A2B-98F1-B8FB547FECB8}"
EndProject
Project("{FAE04EC0-301F-11D3-BF4B-00C04F79EFBC}") = "SingleNumber_136", "Easy\SingleNumber_136\SingleNumber_136.csproj", "{AE8E2738-2FB6-43E3-9C04-DCD03106CC68}"
EndProject
Project("{FAE04EC0-301F-11D3-BF4B-00C04F79EFBC}") = "AvrgLevelsBT_637", "Easy\AvrgLevelsBT_637\AvrgLevelsBT_637.csproj", "{18160277-6E11-45D1-9087-585EAAACF2C3}"
EndProject
Project("{FAE04EC0-301F-11D3-BF4B-00C04F79EFBC}") = "MinimumDepthBT_111", "Easy\MinimumDepthBT_111\MinimumDepthBT_111.csproj", "{15E5C3C8-4EF2-488B-B5EC-138B521289BB}"
EndProject
Global
	GlobalSection(SolutionConfigurationPlatforms) = preSolution
		Debug|Any CPU = Debug|Any CPU
		Release|Any CPU = Release|Any CPU
	EndGlobalSection
	GlobalSection(ProjectConfigurationPlatforms) = postSolution
		{C477EDFA-1B31-4407-BA9C-F5ED5B2B4FFD}.Debug|Any CPU.ActiveCfg = Debug|Any CPU
		{C477EDFA-1B31-4407-BA9C-F5ED5B2B4FFD}.Debug|Any CPU.Build.0 = Debug|Any CPU
		{C477EDFA-1B31-4407-BA9C-F5ED5B2B4FFD}.Release|Any CPU.ActiveCfg = Release|Any CPU
		{C477EDFA-1B31-4407-BA9C-F5ED5B2B4FFD}.Release|Any CPU.Build.0 = Release|Any CPU
		{9A3CEF4E-71DE-45AC-8A60-88CAD50BF905}.Debug|Any CPU.ActiveCfg = Debug|Any CPU
		{9A3CEF4E-71DE-45AC-8A60-88CAD50BF905}.Debug|Any CPU.Build.0 = Debug|Any CPU
		{9A3CEF4E-71DE-45AC-8A60-88CAD50BF905}.Release|Any CPU.ActiveCfg = Release|Any CPU
		{9A3CEF4E-71DE-45AC-8A60-88CAD50BF905}.Release|Any CPU.Build.0 = Release|Any CPU
		{910E16A2-E609-4228-B1A4-F33A6D2D44BC}.Debug|Any CPU.ActiveCfg = Debug|Any CPU
		{910E16A2-E609-4228-B1A4-F33A6D2D44BC}.Debug|Any CPU.Build.0 = Debug|Any CPU
		{910E16A2-E609-4228-B1A4-F33A6D2D44BC}.Release|Any CPU.ActiveCfg = Release|Any CPU
		{910E16A2-E609-4228-B1A4-F33A6D2D44BC}.Release|Any CPU.Build.0 = Release|Any CPU
		{E9A949FC-3B36-45BE-A5E5-069823151481}.Debug|Any CPU.ActiveCfg = Debug|Any CPU
		{E9A949FC-3B36-45BE-A5E5-069823151481}.Debug|Any CPU.Build.0 = Debug|Any CPU
		{E9A949FC-3B36-45BE-A5E5-069823151481}.Release|Any CPU.ActiveCfg = Release|Any CPU
		{E9A949FC-3B36-45BE-A5E5-069823151481}.Release|Any CPU.Build.0 = Release|Any CPU
		{6B81F2DD-5478-430A-957F-DCD084F0DC40}.Debug|Any CPU.ActiveCfg = Debug|Any CPU
		{6B81F2DD-5478-430A-957F-DCD084F0DC40}.Debug|Any CPU.Build.0 = Debug|Any CPU
		{6B81F2DD-5478-430A-957F-DCD084F0DC40}.Release|Any CPU.ActiveCfg = Release|Any CPU
		{6B81F2DD-5478-430A-957F-DCD084F0DC40}.Release|Any CPU.Build.0 = Release|Any CPU
		{63B1F2ED-C657-4FDB-9CCB-345909C19A5D}.Debug|Any CPU.ActiveCfg = Debug|Any CPU
		{63B1F2ED-C657-4FDB-9CCB-345909C19A5D}.Debug|Any CPU.Build.0 = Debug|Any CPU
		{63B1F2ED-C657-4FDB-9CCB-345909C19A5D}.Release|Any CPU.ActiveCfg = Release|Any CPU
		{63B1F2ED-C657-4FDB-9CCB-345909C19A5D}.Release|Any CPU.Build.0 = Release|Any CPU
		{A3A15C9C-9F29-4452-8585-41811762E353}.Debug|Any CPU.ActiveCfg = Debug|Any CPU
		{A3A15C9C-9F29-4452-8585-41811762E353}.Debug|Any CPU.Build.0 = Debug|Any CPU
		{A3A15C9C-9F29-4452-8585-41811762E353}.Release|Any CPU.ActiveCfg = Release|Any CPU
		{A3A15C9C-9F29-4452-8585-41811762E353}.Release|Any CPU.Build.0 = Release|Any CPU
		{FB928B16-2966-417C-A39D-E09196383A45}.Debug|Any CPU.ActiveCfg = Debug|Any CPU
		{FB928B16-2966-417C-A39D-E09196383A45}.Debug|Any CPU.Build.0 = Debug|Any CPU
		{FB928B16-2966-417C-A39D-E09196383A45}.Release|Any CPU.ActiveCfg = Release|Any CPU
		{FB928B16-2966-417C-A39D-E09196383A45}.Release|Any CPU.Build.0 = Release|Any CPU
		{985D66D3-949B-4C6E-8EA2-F4240BCD2AE0}.Debug|Any CPU.ActiveCfg = Debug|Any CPU
		{985D66D3-949B-4C6E-8EA2-F4240BCD2AE0}.Debug|Any CPU.Build.0 = Debug|Any CPU
		{985D66D3-949B-4C6E-8EA2-F4240BCD2AE0}.Release|Any CPU.ActiveCfg = Release|Any CPU
		{985D66D3-949B-4C6E-8EA2-F4240BCD2AE0}.Release|Any CPU.Build.0 = Release|Any CPU
		{77F7A6E3-A1BA-4A2B-98F1-B8FB547FECB8}.Debug|Any CPU.ActiveCfg = Debug|Any CPU
		{77F7A6E3-A1BA-4A2B-98F1-B8FB547FECB8}.Debug|Any CPU.Build.0 = Debug|Any CPU
		{77F7A6E3-A1BA-4A2B-98F1-B8FB547FECB8}.Release|Any CPU.ActiveCfg = Release|Any CPU
		{77F7A6E3-A1BA-4A2B-98F1-B8FB547FECB8}.Release|Any CPU.Build.0 = Release|Any CPU
		{AE8E2738-2FB6-43E3-9C04-DCD03106CC68}.Debug|Any CPU.ActiveCfg = Debug|Any CPU
		{AE8E2738-2FB6-43E3-9C04-DCD03106CC68}.Debug|Any CPU.Build.0 = Debug|Any CPU
		{AE8E2738-2FB6-43E3-9C04-DCD03106CC68}.Release|Any CPU.ActiveCfg = Release|Any CPU
		{AE8E2738-2FB6-43E3-9C04-DCD03106CC68}.Release|Any CPU.Build.0 = Release|Any CPU
		{18160277-6E11-45D1-9087-585EAAACF2C3}.Debug|Any CPU.ActiveCfg = Debug|Any CPU
		{18160277-6E11-45D1-9087-585EAAACF2C3}.Debug|Any CPU.Build.0 = Debug|Any CPU
		{18160277-6E11-45D1-9087-585EAAACF2C3}.Release|Any CPU.ActiveCfg = Release|Any CPU
		{18160277-6E11-45D1-9087-585EAAACF2C3}.Release|Any CPU.Build.0 = Release|Any CPU
		{15E5C3C8-4EF2-488B-B5EC-138B521289BB}.Debug|Any CPU.ActiveCfg = Debug|Any CPU
		{15E5C3C8-4EF2-488B-B5EC-138B521289BB}.Debug|Any CPU.Build.0 = Debug|Any CPU
		{15E5C3C8-4EF2-488B-B5EC-138B521289BB}.Release|Any CPU.ActiveCfg = Release|Any CPU
		{15E5C3C8-4EF2-488B-B5EC-138B521289BB}.Release|Any CPU.Build.0 = Release|Any CPU
	EndGlobalSection
	GlobalSection(NestedProjects) = preSolution
		{910E16A2-E609-4228-B1A4-F33A6D2D44BC} = {62B8460F-E0A4-489C-AD9F-3ADCF0A1AB14}
		{E9A949FC-3B36-45BE-A5E5-069823151481} = {62B8460F-E0A4-489C-AD9F-3ADCF0A1AB14}
		{C477EDFA-1B31-4407-BA9C-F5ED5B2B4FFD} = {4836D059-802E-415E-995A-2D7FE510501E}
		{9A3CEF4E-71DE-45AC-8A60-88CAD50BF905} = {4836D059-802E-415E-995A-2D7FE510501E}
		{6B81F2DD-5478-430A-957F-DCD084F0DC40} = {4836D059-802E-415E-995A-2D7FE510501E}
		{63B1F2ED-C657-4FDB-9CCB-345909C19A5D} = {62B8460F-E0A4-489C-AD9F-3ADCF0A1AB14}
		{A3A15C9C-9F29-4452-8585-41811762E353} = {62B8460F-E0A4-489C-AD9F-3ADCF0A1AB14}
		{FB928B16-2966-417C-A39D-E09196383A45} = {4836D059-802E-415E-995A-2D7FE510501E}
		{985D66D3-949B-4C6E-8EA2-F4240BCD2AE0} = {62B8460F-E0A4-489C-AD9F-3ADCF0A1AB14}
		{77F7A6E3-A1BA-4A2B-98F1-B8FB547FECB8} = {4836D059-802E-415E-995A-2D7FE510501E}
		{AE8E2738-2FB6-43E3-9C04-DCD03106CC68} = {62B8460F-E0A4-489C-AD9F-3ADCF0A1AB14}
		{18160277-6E11-45D1-9087-585EAAACF2C3} = {62B8460F-E0A4-489C-AD9F-3ADCF0A1AB14}
		{15E5C3C8-4EF2-488B-B5EC-138B521289BB} = {62B8460F-E0A4-489C-AD9F-3ADCF0A1AB14}
	EndGlobalSection
EndGlobal
